
Microsoft Visual Studio Solution File, Format Version 12.00
# Visual Studio Version 17
VisualStudioVersion = 17.6.33723.286
MinimumVisualStudioVersion = 10.0.40219.1
Project("{2150E333-8FDC-42A3-9474-1A3956D46DE8}") = "src", "src", "{FFB2C767-61F0-4415-A5A2-0EBB01DFA7B2}"
EndProject
Project("{2150E333-8FDC-42A3-9474-1A3956D46DE8}") = "test", "test", "{00803C2A-A8E1-4CF4-B648-6DFEF3891E3E}"
EndProject
Project("{2150E333-8FDC-42A3-9474-1A3956D46DE8}") = "Core", "Core", "{EF015AC5-91C7-46BB-94FE-2F51B31DAAF5}"
EndProject
Project("{2150E333-8FDC-42A3-9474-1A3956D46DE8}") = "API", "API", "{5C73B1E2-2C03-4A63-AE74-7F31A54B66A4}"
EndProject
Project("{2150E333-8FDC-42A3-9474-1A3956D46DE8}") = "Infrastructure", "Infrastructure", "{A91459C9-0460-4324-9E03-3E97EAD7B834}"
EndProject
Project("{2150E333-8FDC-42A3-9474-1A3956D46DE8}") = "UI", "UI", "{066F3211-78FC-401C-8B4A-91B204B41E55}"
EndProject
Project("{9A19103F-16F7-4668-BE54-9A1E7A4F7556}") = "HR.LeaveManagement.Domain", "HRLeaveManagement.Domain\HR.LeaveManagement.Domain.csproj", "{E05C6F07-ED62-4AD9-B4F1-1570A6A5C78D}"
EndProject
Project("{9A19103F-16F7-4668-BE54-9A1E7A4F7556}") = "HR.LeaveManagement.Application", "HR.LeaveManagement.Application\HR.LeaveManagement.Application.csproj", "{CBD86DCB-D6EA-443D-927E-B0612D0CEB50}"
EndProject
Project("{9A19103F-16F7-4668-BE54-9A1E7A4F7556}") = "HR.LeaveManagement.Persistence", "HR.LeaveManagement.Persistence\HR.LeaveManagement.Persistence.csproj", "{D53BA2F0-D905-4711-8FA0-0F72B438831E}"
EndProject
Project("{9A19103F-16F7-4668-BE54-9A1E7A4F7556}") = "HR.LeaveManagement.Infrastructure", "HR.LeaveManagement.Infrastructure\HR.LeaveManagement.Infrastructure.csproj", "{7FCF82CB-AFA6-47F9-8569-87287D7C4688}"
EndProject
Project("{9A19103F-16F7-4668-BE54-9A1E7A4F7556}") = "HR.LeaveManagement.Api", "HR.LeaveManagement.Api\HR.LeaveManagement.Api.csproj", "{E1B37CE3-F50F-4F19-AF22-3334775B93E1}"
EndProject
Project("{9A19103F-16F7-4668-BE54-9A1E7A4F7556}") = "HR.LeaveManagement.Application.UnitTests", "HR.LeaveManagement.Application.UnitTests\HR.LeaveManagement.Application.UnitTests.csproj", "{F0502F3C-01AC-41CC-9634-D566337BAC55}"
EndProject
Project("{9A19103F-16F7-4668-BE54-9A1E7A4F7556}") = "HR.LeaveManagement.Persistence.IntegrationTests", "HR.LeaveManagement.Persistence.IntegrationTests\HR.LeaveManagement.Persistence.IntegrationTests.csproj", "{C1355056-D554-4CCB-9487-9EE21C63628C}"
EndProject
Project("{9A19103F-16F7-4668-BE54-9A1E7A4F7556}") = "HR.LeaveManagement.BlazorUI", "HR.LeaveManagement.BlazorUI\HR.LeaveManagement.BlazorUI.csproj", "{D0ADAE5A-37EF-4176-9719-97F26050046B}"
EndProject
Project("{9A19103F-16F7-4668-BE54-9A1E7A4F7556}") = "HR.LeaveManagement.Identity", "HR.LeaveManagement.Identity\HR.LeaveManagement.Identity.csproj", "{0C723F26-088D-4C73-A2BC-83B3937D289E}"
EndProject
Global
	GlobalSection(SolutionConfigurationPlatforms) = preSolution
		Debug|Any CPU = Debug|Any CPU
		Release|Any CPU = Release|Any CPU
	EndGlobalSection
	GlobalSection(ProjectConfigurationPlatforms) = postSolution
		{E05C6F07-ED62-4AD9-B4F1-1570A6A5C78D}.Debug|Any CPU.ActiveCfg = Debug|Any CPU
		{E05C6F07-ED62-4AD9-B4F1-1570A6A5C78D}.Debug|Any CPU.Build.0 = Debug|Any CPU
		{E05C6F07-ED62-4AD9-B4F1-1570A6A5C78D}.Release|Any CPU.ActiveCfg = Release|Any CPU
		{E05C6F07-ED62-4AD9-B4F1-1570A6A5C78D}.Release|Any CPU.Build.0 = Release|Any CPU
		{CBD86DCB-D6EA-443D-927E-B0612D0CEB50}.Debug|Any CPU.ActiveCfg = Debug|Any CPU
		{CBD86DCB-D6EA-443D-927E-B0612D0CEB50}.Debug|Any CPU.Build.0 = Debug|Any CPU
		{CBD86DCB-D6EA-443D-927E-B0612D0CEB50}.Release|Any CPU.ActiveCfg = Release|Any CPU
		{CBD86DCB-D6EA-443D-927E-B0612D0CEB50}.Release|Any CPU.Build.0 = Release|Any CPU
		{D53BA2F0-D905-4711-8FA0-0F72B438831E}.Debug|Any CPU.ActiveCfg = Debug|Any CPU
		{D53BA2F0-D905-4711-8FA0-0F72B438831E}.Debug|Any CPU.Build.0 = Debug|Any CPU
		{D53BA2F0-D905-4711-8FA0-0F72B438831E}.Release|Any CPU.ActiveCfg = Release|Any CPU
		{D53BA2F0-D905-4711-8FA0-0F72B438831E}.Release|Any CPU.Build.0 = Release|Any CPU
		{7FCF82CB-AFA6-47F9-8569-87287D7C4688}.Debug|Any CPU.ActiveCfg = Debug|Any CPU
		{7FCF82CB-AFA6-47F9-8569-87287D7C4688}.Debug|Any CPU.Build.0 = Debug|Any CPU
		{7FCF82CB-AFA6-47F9-8569-87287D7C4688}.Release|Any CPU.ActiveCfg = Release|Any CPU
		{7FCF82CB-AFA6-47F9-8569-87287D7C4688}.Release|Any CPU.Build.0 = Release|Any CPU
		{E1B37CE3-F50F-4F19-AF22-3334775B93E1}.Debug|Any CPU.ActiveCfg = Debug|Any CPU
		{E1B37CE3-F50F-4F19-AF22-3334775B93E1}.Debug|Any CPU.Build.0 = Debug|Any CPU
		{E1B37CE3-F50F-4F19-AF22-3334775B93E1}.Release|Any CPU.ActiveCfg = Release|Any CPU
		{E1B37CE3-F50F-4F19-AF22-3334775B93E1}.Release|Any CPU.Build.0 = Release|Any CPU
		{F0502F3C-01AC-41CC-9634-D566337BAC55}.Debug|Any CPU.ActiveCfg = Debug|Any CPU
		{F0502F3C-01AC-41CC-9634-D566337BAC55}.Debug|Any CPU.Build.0 = Debug|Any CPU
		{F0502F3C-01AC-41CC-9634-D566337BAC55}.Release|Any CPU.ActiveCfg = Release|Any CPU
		{F0502F3C-01AC-41CC-9634-D566337BAC55}.Release|Any CPU.Build.0 = Release|Any CPU
		{C1355056-D554-4CCB-9487-9EE21C63628C}.Debug|Any CPU.ActiveCfg = Debug|Any CPU
		{C1355056-D554-4CCB-9487-9EE21C63628C}.Debug|Any CPU.Build.0 = Debug|Any CPU
		{C1355056-D554-4CCB-9487-9EE21C63628C}.Release|Any CPU.ActiveCfg = Release|Any CPU
		{C1355056-D554-4CCB-9487-9EE21C63628C}.Release|Any CPU.Build.0 = Release|Any CPU
		{D0ADAE5A-37EF-4176-9719-97F26050046B}.Debug|Any CPU.ActiveCfg = Debug|Any CPU
		{D0ADAE5A-37EF-4176-9719-97F26050046B}.Debug|Any CPU.Build.0 = Debug|Any CPU
		{D0ADAE5A-37EF-4176-9719-97F26050046B}.Release|Any CPU.ActiveCfg = Release|Any CPU
		{D0ADAE5A-37EF-4176-9719-97F26050046B}.Release|Any CPU.Build.0 = Release|Any CPU
		{0C723F26-088D-4C73-A2BC-83B3937D289E}.Debug|Any CPU.ActiveCfg = Debug|Any CPU
		{0C723F26-088D-4C73-A2BC-83B3937D289E}.Debug|Any CPU.Build.0 = Debug|Any CPU
		{0C723F26-088D-4C73-A2BC-83B3937D289E}.Release|Any CPU.ActiveCfg = Release|Any CPU
		{0C723F26-088D-4C73-A2BC-83B3937D289E}.Release|Any CPU.Build.0 = Release|Any CPU
	EndGlobalSection
	GlobalSection(SolutionProperties) = preSolution
		HideSolutionNode = FALSE
	EndGlobalSection
	GlobalSection(NestedProjects) = preSolution
		{EF015AC5-91C7-46BB-94FE-2F51B31DAAF5} = {FFB2C767-61F0-4415-A5A2-0EBB01DFA7B2}
		{5C73B1E2-2C03-4A63-AE74-7F31A54B66A4} = {FFB2C767-61F0-4415-A5A2-0EBB01DFA7B2}
		{A91459C9-0460-4324-9E03-3E97EAD7B834} = {FFB2C767-61F0-4415-A5A2-0EBB01DFA7B2}
		{066F3211-78FC-401C-8B4A-91B204B41E55} = {FFB2C767-61F0-4415-A5A2-0EBB01DFA7B2}
		{E05C6F07-ED62-4AD9-B4F1-1570A6A5C78D} = {EF015AC5-91C7-46BB-94FE-2F51B31DAAF5}
		{CBD86DCB-D6EA-443D-927E-B0612D0CEB50} = {EF015AC5-91C7-46BB-94FE-2F51B31DAAF5}
		{D53BA2F0-D905-4711-8FA0-0F72B438831E} = {A91459C9-0460-4324-9E03-3E97EAD7B834}
		{7FCF82CB-AFA6-47F9-8569-87287D7C4688} = {A91459C9-0460-4324-9E03-3E97EAD7B834}
		{E1B37CE3-F50F-4F19-AF22-3334775B93E1} = {5C73B1E2-2C03-4A63-AE74-7F31A54B66A4}
		{F0502F3C-01AC-41CC-9634-D566337BAC55} = {00803C2A-A8E1-4CF4-B648-6DFEF3891E3E}
		{C1355056-D554-4CCB-9487-9EE21C63628C} = {00803C2A-A8E1-4CF4-B648-6DFEF3891E3E}
		{D0ADAE5A-37EF-4176-9719-97F26050046B} = {066F3211-78FC-401C-8B4A-91B204B41E55}
		{0C723F26-088D-4C73-A2BC-83B3937D289E} = {A91459C9-0460-4324-9E03-3E97EAD7B834}
	EndGlobalSection
	GlobalSection(ExtensibilityGlobals) = postSolution
		SolutionGuid = {E3CD29A2-69C6-4A09-8695-79F8986CD979}
	EndGlobalSection
EndGlobal
